
Microsoft Visual Studio Solution File, Format Version 12.00
# Visual Studio Version 17
VisualStudioVersion = 17.9.34607.119
MinimumVisualStudioVersion = 10.0.40219.1
Project("{FAE04EC0-301F-11D3-BF4B-00C04F79EFBC}") = "ToDoApp", "ToDoApp\ToDoApp.csproj", "{272A9EEB-8640-4FF0-86DE-8AC0C5A924A6}"
EndProject
Global
	GlobalSection(SolutionConfigurationPlatforms) = preSolution
		Debug|Any CPU = Debug|Any CPU
		Release|Any CPU = Release|Any CPU
	EndGlobalSection
	GlobalSection(ProjectConfigurationPlatforms) = postSolution
		{272A9EEB-8640-4FF0-86DE-8AC0C5A924A6}.Debug|Any CPU.ActiveCfg = Debug|Any CPU
		{272A9EEB-8640-4FF0-86DE-8AC0C5A924A6}.Debug|Any CPU.Build.0 = Debug|Any CPU
		{272A9EEB-8640-4FF0-86DE-8AC0C5A924A6}.Release|Any CPU.ActiveCfg = Release|Any CPU
		{272A9EEB-8640-4FF0-86DE-8AC0C5A924A6}.Release|Any CPU.Build.0 = Release|Any CPU
	EndGlobalSection
	GlobalSection(SolutionProperties) = preSolution
		HideSolutionNode = FALSE
	EndGlobalSection
	GlobalSection(ExtensibilityGlobals) = postSolution
		SolutionGuid = {7D6B0C46-D18F-4EDF-9996-AD8538714906}
	EndGlobalSection
EndGlobal
